// !$*UTF8*$!
{
	archiveVersion = 1;
	classes = {
	};
	objectVersion = 46;
	objects = {

/* Begin PBXBuildFile section */
		179FB09D3BAD753102573302 /* libPods.a in Frameworks */ = {isa = PBXBuildFile; fileRef = 36BAF4F444EFB7194B86462A /* libPods.a */; };
		7202998E1B0F324700902B43 /* TrunkViewController.m in Sources */ = {isa = PBXBuildFile; fileRef = 7202998D1B0F324700902B43 /* TrunkViewController.m */; };
		7216B75F1B0E41C50065B180 /* main.m in Sources */ = {isa = PBXBuildFile; fileRef = 7216B75E1B0E41C50065B180 /* main.m */; };
		7216B7621B0E41C50065B180 /* AppDelegate.m in Sources */ = {isa = PBXBuildFile; fileRef = 7216B7611B0E41C50065B180 /* AppDelegate.m */; };
		7216B7681B0E41C50065B180 /* Main.storyboard in Resources */ = {isa = PBXBuildFile; fileRef = 7216B7661B0E41C50065B180 /* Main.storyboard */; };
		7216B76A1B0E41C50065B180 /* Images.xcassets in Resources */ = {isa = PBXBuildFile; fileRef = 7216B7691B0E41C50065B180 /* Images.xcassets */; };
		7216B76D1B0E41C50065B180 /* LaunchScreen.xib in Resources */ = {isa = PBXBuildFile; fileRef = 7216B76B1B0E41C50065B180 /* LaunchScreen.xib */; };
		7216B7791B0E41C50065B180 /* HotelBATests.m in Sources */ = {isa = PBXBuildFile; fileRef = 7216B7781B0E41C50065B180 /* HotelBATests.m */; };
		72236EE41B349E3100190B24 /* HotelsListTableTableViewController.m in Sources */ = {isa = PBXBuildFile; fileRef = 72236EE31B349E3100190B24 /* HotelsListTableTableViewController.m */; };
		72236EE71B349E6C00190B24 /* HotelTableViewCell.m in Sources */ = {isa = PBXBuildFile; fileRef = 72236EE61B349E6C00190B24 /* HotelTableViewCell.m */; };
		725A53CA1B207CB6008F3A7F /* LoginViewController.m in Sources */ = {isa = PBXBuildFile; fileRef = 725A53C81B207CB6008F3A7F /* LoginViewController.m */; };
		725A53CB1B207CB6008F3A7F /* LoginViewController.xib in Resources */ = {isa = PBXBuildFile; fileRef = 725A53C91B207CB6008F3A7F /* LoginViewController.xib */; };
		725A53CE1B208403008F3A7F /* BaseViewController.m in Sources */ = {isa = PBXBuildFile; fileRef = 725A53CD1B208403008F3A7F /* BaseViewController.m */; };
		725D49B41B0E48CF005D4AF9 /* MenuTableViewController.m in Sources */ = {isa = PBXBuildFile; fileRef = 725D49B31B0E48CF005D4AF9 /* MenuTableViewController.m */; };
		725D49B71B0E4B1E005D4AF9 /* CenterViewController.m in Sources */ = {isa = PBXBuildFile; fileRef = 725D49B61B0E4B1E005D4AF9 /* CenterViewController.m */; };
		725D49BA1B0E640C005D4AF9 /* ProfileHeader.m in Sources */ = {isa = PBXBuildFile; fileRef = 725D49B91B0E640C005D4AF9 /* ProfileHeader.m */; };
		725D49BC1B0E641E005D4AF9 /* ProfileHeader.xib in Resources */ = {isa = PBXBuildFile; fileRef = 725D49BB1B0E641E005D4AF9 /* ProfileHeader.xib */; };
		725D49C01B0E76C6005D4AF9 /* MenuTableViewCell.m in Sources */ = {isa = PBXBuildFile; fileRef = 725D49BE1B0E76C6005D4AF9 /* MenuTableViewCell.m */; };
		725D49C11B0E76C6005D4AF9 /* MenuTableViewCell.xib in Resources */ = {isa = PBXBuildFile; fileRef = 725D49BF1B0E76C6005D4AF9 /* MenuTableViewCell.xib */; };
		EE266056D1A3A322FE7BAF87 /* ContactDTO.m in Sources */ = {isa = PBXBuildFile; fileRef = EE266903FF7B8D8FEE32BBE3 /* ContactDTO.m */; };
		EE2661545348C58C99D0963D /* AddressDTO.m in Sources */ = {isa = PBXBuildFile; fileRef = EE266005D7863E267698414F /* AddressDTO.m */; };
		EE26618792B5E733E050ADBB /* MenuTableViewDelegate.m in Sources */ = {isa = PBXBuildFile; fileRef = EE26600C0840B9CA0727617B /* MenuTableViewDelegate.m */; };
		EE2661E6EAF395BE41A30ACE /* RegisterViewController.m in Sources */ = {isa = PBXBuildFile; fileRef = EE266AE72EAC4D37BE310576 /* RegisterViewController.m */; };
		EE26623887872FC6CE807C34 /* HotelNavigationController.m in Sources */ = {isa = PBXBuildFile; fileRef = EE266470CF485B804E48879D /* HotelNavigationController.m */; };
		EE2664BF532601940B456E25 /* MenuOptionModel.m in Sources */ = {isa = PBXBuildFile; fileRef = EE2669E05589ACACE584D2B3 /* MenuOptionModel.m */; };
		EE2664F10FDD5A016DA1B891 /* ErrorResponse.m in Sources */ = {isa = PBXBuildFile; fileRef = EE2660AFF1B9C4A002224179 /* ErrorResponse.m */; };
		EE2665A875367002476A3C42 /* RemoteClient+Registration.m in Sources */ = {isa = PBXBuildFile; fileRef = EE266064CB1253D652C10A7C /* RemoteClient+Registration.m */; };
		EE2665EE94B4FED057E651E0 /* RemoteClient+Login.m in Sources */ = {isa = PBXBuildFile; fileRef = EE266AC6E6803909E53ACF5D /* RemoteClient+Login.m */; };
		EE2666044F51898979087863 /* HotelResponse.m in Sources */ = {isa = PBXBuildFile; fileRef = EE2668F545B900B9A2D126E9 /* HotelResponse.m */; };
		EE266610B7A487357ADA32A9 /* LoginRequest.m in Sources */ = {isa = PBXBuildFile; fileRef = EE2663240A72541D9288BC19 /* LoginRequest.m */; };
		EE2666188E7570B75D1F6201 /* RegistrationDTO.m in Sources */ = {isa = PBXBuildFile; fileRef = EE26681EE95027FE283BD553 /* RegistrationDTO.m */; };
		EE266632684610079C561D6D /* AboutViewController.m in Sources */ = {isa = PBXBuildFile; fileRef = EE266E3CA4F85DD9AA99C83F /* AboutViewController.m */; };
		EE2668E796A4796BBFB0BEF3 /* HotelDTO.m in Sources */ = {isa = PBXBuildFile; fileRef = EE26680584182967FE755104 /* HotelDTO.m */; };
		EE26693960916813EF83FE5A /* ViewController.m in Sources */ = {isa = PBXBuildFile; fileRef = EE266E231D686016B967FB13 /* ViewController.m */; };
		EE2669E02778B8EF3C41D830 /* RegisterViewController.xib in Resources */ = {isa = PBXBuildFile; fileRef = EE2660226347245639B434F8 /* RegisterViewController.xib */; };
		EE266A8CF9B0E7C4DC159623 /* RegistrationRequest.m in Sources */ = {isa = PBXBuildFile; fileRef = EE266AFD87F5570E364874D1 /* RegistrationRequest.m */; };
		EE266C39D2C8682392BFF945 /* RemoteClient+Hotels.m in Sources */ = {isa = PBXBuildFile; fileRef = EE2666D66B3396367BD89CB9 /* RemoteClient+Hotels.m */; };
		EE266E1F5686AC408B46CA94 /* UIImage+Helper.m in Sources */ = {isa = PBXBuildFile; fileRef = EE266828C010766946F36C7A /* UIImage+Helper.m */; };
		EE266E5B20796B269FFCFD14 /* RemoteClient.m in Sources */ = {isa = PBXBuildFile; fileRef = EE26634598D372D0A112D4E2 /* RemoteClient.m */; };
		EE266FAB174B7FBF05307FDA /* MenuTableDataSource.m in Sources */ = {isa = PBXBuildFile; fileRef = EE26684DA35CD791390B96C9 /* MenuTableDataSource.m */; };
/* End PBXBuildFile section */

/* Begin PBXContainerItemProxy section */
		7216B7731B0E41C50065B180 /* PBXContainerItemProxy */ = {
			isa = PBXContainerItemProxy;
			containerPortal = 7216B7511B0E41C50065B180 /* Project object */;
			proxyType = 1;
			remoteGlobalIDString = 7216B7581B0E41C50065B180;
			remoteInfo = HotelBA;
		};
/* End PBXContainerItemProxy section */

/* Begin PBXFileReference section */
		36BAF4F444EFB7194B86462A /* libPods.a */ = {isa = PBXFileReference; explicitFileType = archive.ar; includeInIndex = 0; path = libPods.a; sourceTree = BUILT_PRODUCTS_DIR; };
		57E8810E092785E851A6CC3E /* Pods.debug.xcconfig */ = {isa = PBXFileReference; includeInIndex = 1; lastKnownFileType = text.xcconfig; name = Pods.debug.xcconfig; path = "Pods/Target Support Files/Pods/Pods.debug.xcconfig"; sourceTree = "<group>"; };
		7202998C1B0F324700902B43 /* TrunkViewController.h */ = {isa = PBXFileReference; fileEncoding = 4; lastKnownFileType = sourcecode.c.h; path = TrunkViewController.h; sourceTree = "<group>"; };
		7202998D1B0F324700902B43 /* TrunkViewController.m */ = {isa = PBXFileReference; fileEncoding = 4; lastKnownFileType = sourcecode.c.objc; path = TrunkViewController.m; sourceTree = "<group>"; };
		7216B7591B0E41C50065B180 /* HotelBA.app */ = {isa = PBXFileReference; explicitFileType = wrapper.application; includeInIndex = 0; path = HotelBA.app; sourceTree = BUILT_PRODUCTS_DIR; };
		7216B75D1B0E41C50065B180 /* Info.plist */ = {isa = PBXFileReference; lastKnownFileType = text.plist.xml; path = Info.plist; sourceTree = "<group>"; };
		7216B75E1B0E41C50065B180 /* main.m */ = {isa = PBXFileReference; lastKnownFileType = sourcecode.c.objc; path = main.m; sourceTree = "<group>"; };
		7216B7601B0E41C50065B180 /* AppDelegate.h */ = {isa = PBXFileReference; lastKnownFileType = sourcecode.c.h; path = AppDelegate.h; sourceTree = "<group>"; };
		7216B7611B0E41C50065B180 /* AppDelegate.m */ = {isa = PBXFileReference; lastKnownFileType = sourcecode.c.objc; path = AppDelegate.m; sourceTree = "<group>"; };
		7216B7671B0E41C50065B180 /* Base */ = {isa = PBXFileReference; lastKnownFileType = file.storyboard; name = Base; path = Base.lproj/Main.storyboard; sourceTree = "<group>"; };
		7216B7691B0E41C50065B180 /* Images.xcassets */ = {isa = PBXFileReference; lastKnownFileType = folder.assetcatalog; path = Images.xcassets; sourceTree = "<group>"; };
		7216B76C1B0E41C50065B180 /* Base */ = {isa = PBXFileReference; lastKnownFileType = file.xib; name = Base; path = Base.lproj/LaunchScreen.xib; sourceTree = "<group>"; };
		7216B7721B0E41C50065B180 /* HotelBATests.xctest */ = {isa = PBXFileReference; explicitFileType = wrapper.cfbundle; includeInIndex = 0; path = HotelBATests.xctest; sourceTree = BUILT_PRODUCTS_DIR; };
		7216B7771B0E41C50065B180 /* Info.plist */ = {isa = PBXFileReference; lastKnownFileType = text.plist.xml; path = Info.plist; sourceTree = "<group>"; };
		7216B7781B0E41C50065B180 /* HotelBATests.m */ = {isa = PBXFileReference; lastKnownFileType = sourcecode.c.objc; path = HotelBATests.m; sourceTree = "<group>"; };
		72236EE21B349E3100190B24 /* HotelsListTableTableViewController.h */ = {isa = PBXFileReference; fileEncoding = 4; lastKnownFileType = sourcecode.c.h; path = HotelsListTableTableViewController.h; sourceTree = "<group>"; };
		72236EE31B349E3100190B24 /* HotelsListTableTableViewController.m */ = {isa = PBXFileReference; fileEncoding = 4; lastKnownFileType = sourcecode.c.objc; path = HotelsListTableTableViewController.m; sourceTree = "<group>"; };
		72236EE51B349E6C00190B24 /* HotelTableViewCell.h */ = {isa = PBXFileReference; fileEncoding = 4; lastKnownFileType = sourcecode.c.h; path = HotelTableViewCell.h; sourceTree = "<group>"; };
		72236EE61B349E6C00190B24 /* HotelTableViewCell.m */ = {isa = PBXFileReference; fileEncoding = 4; lastKnownFileType = sourcecode.c.objc; path = HotelTableViewCell.m; sourceTree = "<group>"; };
		725A53C71B207CB6008F3A7F /* LoginViewController.h */ = {isa = PBXFileReference; fileEncoding = 4; lastKnownFileType = sourcecode.c.h; path = LoginViewController.h; sourceTree = "<group>"; };
		725A53C81B207CB6008F3A7F /* LoginViewController.m */ = {isa = PBXFileReference; fileEncoding = 4; lastKnownFileType = sourcecode.c.objc; path = LoginViewController.m; sourceTree = "<group>"; };
		725A53C91B207CB6008F3A7F /* LoginViewController.xib */ = {isa = PBXFileReference; fileEncoding = 4; lastKnownFileType = file.xib; path = LoginViewController.xib; sourceTree = "<group>"; };
		725A53CC1B208403008F3A7F /* BaseViewController.h */ = {isa = PBXFileReference; fileEncoding = 4; lastKnownFileType = sourcecode.c.h; path = BaseViewController.h; sourceTree = "<group>"; };
		725A53CD1B208403008F3A7F /* BaseViewController.m */ = {isa = PBXFileReference; fileEncoding = 4; lastKnownFileType = sourcecode.c.objc; path = BaseViewController.m; sourceTree = "<group>"; };
		725D49B21B0E48CF005D4AF9 /* MenuTableViewController.h */ = {isa = PBXFileReference; fileEncoding = 4; lastKnownFileType = sourcecode.c.h; path = MenuTableViewController.h; sourceTree = "<group>"; };
		725D49B31B0E48CF005D4AF9 /* MenuTableViewController.m */ = {isa = PBXFileReference; fileEncoding = 4; lastKnownFileType = sourcecode.c.objc; path = MenuTableViewController.m; sourceTree = "<group>"; };
		725D49B51B0E4B1E005D4AF9 /* CenterViewController.h */ = {isa = PBXFileReference; fileEncoding = 4; lastKnownFileType = sourcecode.c.h; path = CenterViewController.h; sourceTree = "<group>"; };
		725D49B61B0E4B1E005D4AF9 /* CenterViewController.m */ = {isa = PBXFileReference; fileEncoding = 4; lastKnownFileType = sourcecode.c.objc; path = CenterViewController.m; sourceTree = "<group>"; };
		725D49B81B0E640C005D4AF9 /* ProfileHeader.h */ = {isa = PBXFileReference; fileEncoding = 4; lastKnownFileType = sourcecode.c.h; path = ProfileHeader.h; sourceTree = "<group>"; };
		725D49B91B0E640C005D4AF9 /* ProfileHeader.m */ = {isa = PBXFileReference; fileEncoding = 4; lastKnownFileType = sourcecode.c.objc; path = ProfileHeader.m; sourceTree = "<group>"; };
		725D49BB1B0E641E005D4AF9 /* ProfileHeader.xib */ = {isa = PBXFileReference; fileEncoding = 4; lastKnownFileType = file.xib; path = ProfileHeader.xib; sourceTree = "<group>"; };
		725D49BD1B0E76C6005D4AF9 /* MenuTableViewCell.h */ = {isa = PBXFileReference; fileEncoding = 4; lastKnownFileType = sourcecode.c.h; path = MenuTableViewCell.h; sourceTree = "<group>"; };
		725D49BE1B0E76C6005D4AF9 /* MenuTableViewCell.m */ = {isa = PBXFileReference; fileEncoding = 4; lastKnownFileType = sourcecode.c.objc; path = MenuTableViewCell.m; sourceTree = "<group>"; };
		725D49BF1B0E76C6005D4AF9 /* MenuTableViewCell.xib */ = {isa = PBXFileReference; fileEncoding = 4; lastKnownFileType = file.xib; path = MenuTableViewCell.xib; sourceTree = "<group>"; };
		D980AE08CB052A597CE12C7F /* Pods.release.xcconfig */ = {isa = PBXFileReference; includeInIndex = 1; lastKnownFileType = text.xcconfig; name = Pods.release.xcconfig; path = "Pods/Target Support Files/Pods/Pods.release.xcconfig"; sourceTree = "<group>"; };
		EE266005D7863E267698414F /* AddressDTO.m */ = {isa = PBXFileReference; fileEncoding = 4; lastKnownFileType = sourcecode.c.objc; path = AddressDTO.m; sourceTree = "<group>"; };
		EE26600C0840B9CA0727617B /* MenuTableViewDelegate.m */ = {isa = PBXFileReference; fileEncoding = 4; lastKnownFileType = sourcecode.c.objc; path = MenuTableViewDelegate.m; sourceTree = "<group>"; };
		EE2660226347245639B434F8 /* RegisterViewController.xib */ = {isa = PBXFileReference; lastKnownFileType = file.xib; path = RegisterViewController.xib; sourceTree = "<group>"; };
		EE266064CB1253D652C10A7C /* RemoteClient+Registration.m */ = {isa = PBXFileReference; fileEncoding = 4; lastKnownFileType = sourcecode.c.objc; path = "RemoteClient+Registration.m"; sourceTree = "<group>"; };
		EE2660692EA5937EAB37011A /* MenuOptionModel.h */ = {isa = PBXFileReference; fileEncoding = 4; lastKnownFileType = sourcecode.c.h; path = MenuOptionModel.h; sourceTree = "<group>"; };
		EE2660AFF1B9C4A002224179 /* ErrorResponse.m */ = {isa = PBXFileReference; fileEncoding = 4; lastKnownFileType = sourcecode.c.objc; path = ErrorResponse.m; sourceTree = "<group>"; };
		EE2661D0621E7BA33273605C /* RegistrationDTO.h */ = {isa = PBXFileReference; fileEncoding = 4; lastKnownFileType = sourcecode.c.h; path = RegistrationDTO.h; sourceTree = "<group>"; };
		EE2663240A72541D9288BC19 /* LoginRequest.m */ = {isa = PBXFileReference; fileEncoding = 4; lastKnownFileType = sourcecode.c.objc; path = LoginRequest.m; sourceTree = "<group>"; };
		EE26634598D372D0A112D4E2 /* RemoteClient.m */ = {isa = PBXFileReference; fileEncoding = 4; lastKnownFileType = sourcecode.c.objc; path = RemoteClient.m; sourceTree = "<group>"; };
		EE266470CF485B804E48879D /* HotelNavigationController.m */ = {isa = PBXFileReference; fileEncoding = 4; lastKnownFileType = sourcecode.c.objc; path = HotelNavigationController.m; sourceTree = "<group>"; };
		EE2664F0FE14B6AE4C100610 /* RemoteClient.h */ = {isa = PBXFileReference; fileEncoding = 4; lastKnownFileType = sourcecode.c.h; path = RemoteClient.h; sourceTree = "<group>"; };
		EE2665A5FDA4B2299F017A8E /* RegisterViewController.h */ = {isa = PBXFileReference; fileEncoding = 4; lastKnownFileType = sourcecode.c.h; path = RegisterViewController.h; sourceTree = "<group>"; };
		EE266601EEEC4762941CBDBB /* MenuTableViewDelegate.h */ = {isa = PBXFileReference; fileEncoding = 4; lastKnownFileType = sourcecode.c.h; path = MenuTableViewDelegate.h; sourceTree = "<group>"; };
		EE26665018FBC40A476A0AEF /* RegistrationRequest.h */ = {isa = PBXFileReference; fileEncoding = 4; lastKnownFileType = sourcecode.c.h; path = RegistrationRequest.h; sourceTree = "<group>"; };
		EE2666B68312E2485808CE8D /* AboutViewController.h */ = {isa = PBXFileReference; fileEncoding = 4; lastKnownFileType = sourcecode.c.h; path = AboutViewController.h; sourceTree = "<group>"; };
		EE2666D66B3396367BD89CB9 /* RemoteClient+Hotels.m */ = {isa = PBXFileReference; fileEncoding = 4; lastKnownFileType = sourcecode.c.objc; path = "RemoteClient+Hotels.m"; sourceTree = "<group>"; };
		EE26676680820AD6A44CB1F3 /* ContactDTO.h */ = {isa = PBXFileReference; fileEncoding = 4; lastKnownFileType = sourcecode.c.h; path = ContactDTO.h; sourceTree = "<group>"; };
		EE266770CCEF9C522E9C4875 /* HotelResponse.h */ = {isa = PBXFileReference; fileEncoding = 4; lastKnownFileType = sourcecode.c.h; path = HotelResponse.h; sourceTree = "<group>"; };
		EE2667D2FE4CECCCB16E1A88 /* MenuTableDataSource.h */ = {isa = PBXFileReference; fileEncoding = 4; lastKnownFileType = sourcecode.c.h; path = MenuTableDataSource.h; sourceTree = "<group>"; };
		EE26680584182967FE755104 /* HotelDTO.m */ = {isa = PBXFileReference; fileEncoding = 4; lastKnownFileType = sourcecode.c.objc; path = HotelDTO.m; sourceTree = "<group>"; };
		EE26681EE95027FE283BD553 /* RegistrationDTO.m */ = {isa = PBXFileReference; fileEncoding = 4; lastKnownFileType = sourcecode.c.objc; path = RegistrationDTO.m; sourceTree = "<group>"; };
		EE266828C010766946F36C7A /* UIImage+Helper.m */ = {isa = PBXFileReference; fileEncoding = 4; lastKnownFileType = sourcecode.c.objc; path = "UIImage+Helper.m"; sourceTree = "<group>"; };
		EE26684DA35CD791390B96C9 /* MenuTableDataSource.m */ = {isa = PBXFileReference; fileEncoding = 4; lastKnownFileType = sourcecode.c.objc; path = MenuTableDataSource.m; sourceTree = "<group>"; };
		EE266863B2CB08B5893D1AA9 /* AddressDTO.h */ = {isa = PBXFileReference; fileEncoding = 4; lastKnownFileType = sourcecode.c.h; path = AddressDTO.h; sourceTree = "<group>"; };
		EE2668F545B900B9A2D126E9 /* HotelResponse.m */ = {isa = PBXFileReference; fileEncoding = 4; lastKnownFileType = sourcecode.c.objc; path = HotelResponse.m; sourceTree = "<group>"; };
		EE266903FF7B8D8FEE32BBE3 /* ContactDTO.m */ = {isa = PBXFileReference; fileEncoding = 4; lastKnownFileType = sourcecode.c.objc; path = ContactDTO.m; sourceTree = "<group>"; };
		EE2669E05589ACACE584D2B3 /* MenuOptionModel.m */ = {isa = PBXFileReference; fileEncoding = 4; lastKnownFileType = sourcecode.c.objc; path = MenuOptionModel.m; sourceTree = "<group>"; };
		EE266A8A2105D7FC90314B39 /* ErrorResponse.h */ = {isa = PBXFileReference; fileEncoding = 4; lastKnownFileType = sourcecode.c.h; path = ErrorResponse.h; sourceTree = "<group>"; };
		EE266AC6E6803909E53ACF5D /* RemoteClient+Login.m */ = {isa = PBXFileReference; fileEncoding = 4; lastKnownFileType = sourcecode.c.objc; path = "RemoteClient+Login.m"; sourceTree = "<group>"; };
		EE266AE72EAC4D37BE310576 /* RegisterViewController.m */ = {isa = PBXFileReference; fileEncoding = 4; lastKnownFileType = sourcecode.c.objc; path = RegisterViewController.m; sourceTree = "<group>"; };
		EE266AFD87F5570E364874D1 /* RegistrationRequest.m */ = {isa = PBXFileReference; fileEncoding = 4; lastKnownFileType = sourcecode.c.objc; path = RegistrationRequest.m; sourceTree = "<group>"; };
		EE266BBE581A74FBAAF4435D /* UIImage+Helper.h */ = {isa = PBXFileReference; fileEncoding = 4; lastKnownFileType = sourcecode.c.h; path = "UIImage+Helper.h"; sourceTree = "<group>"; };
		EE266C6A1C1B7D06B3023D6C /* RemoteClient+Hotels.h */ = {isa = PBXFileReference; fileEncoding = 4; lastKnownFileType = sourcecode.c.h; path = "RemoteClient+Hotels.h"; sourceTree = "<group>"; };
		EE266C8E36B715DC85A7D181 /* ViewController.h */ = {isa = PBXFileReference; fileEncoding = 4; lastKnownFileType = sourcecode.c.h; path = ViewController.h; sourceTree = "<group>"; };
		EE266CABAC68840CAE1ECF28 /* RemoteClient+Registration.h */ = {isa = PBXFileReference; fileEncoding = 4; lastKnownFileType = sourcecode.c.h; path = "RemoteClient+Registration.h"; sourceTree = "<group>"; };
		EE266CB837BF00F86AB2D9ED /* HotelNavigationController.h */ = {isa = PBXFileReference; fileEncoding = 4; lastKnownFileType = sourcecode.c.h; path = HotelNavigationController.h; sourceTree = "<group>"; };
		EE266D2E9F402EAE7EA5A7A3 /* RemoteClientDelegate.h */ = {isa = PBXFileReference; fileEncoding = 4; lastKnownFileType = sourcecode.c.h; path = RemoteClientDelegate.h; sourceTree = "<group>"; };
		EE266D3AB6C21D1A5E63AE92 /* RemoteClient+Login.h */ = {isa = PBXFileReference; fileEncoding = 4; lastKnownFileType = sourcecode.c.h; path = "RemoteClient+Login.h"; sourceTree = "<group>"; };
		EE266E231D686016B967FB13 /* ViewController.m */ = {isa = PBXFileReference; fileEncoding = 4; lastKnownFileType = sourcecode.c.objc; path = ViewController.m; sourceTree = "<group>"; };
		EE266E3CA4F85DD9AA99C83F /* AboutViewController.m */ = {isa = PBXFileReference; fileEncoding = 4; lastKnownFileType = sourcecode.c.objc; path = AboutViewController.m; sourceTree = "<group>"; };
		EE266EFD41520940FF32E273 /* LoginRequest.h */ = {isa = PBXFileReference; fileEncoding = 4; lastKnownFileType = sourcecode.c.h; path = LoginRequest.h; sourceTree = "<group>"; };
		EE266F29051107194DFC5C43 /* HotelDTO.h */ = {isa = PBXFileReference; fileEncoding = 4; lastKnownFileType = sourcecode.c.h; path = HotelDTO.h; sourceTree = "<group>"; };
/* End PBXFileReference section */

/* Begin PBXFrameworksBuildPhase section */
		7216B7561B0E41C50065B180 /* Frameworks */ = {
			isa = PBXFrameworksBuildPhase;
			buildActionMask = 2147483647;
			files = (
				179FB09D3BAD753102573302 /* libPods.a in Frameworks */,
			);
			runOnlyForDeploymentPostprocessing = 0;
		};
		7216B76F1B0E41C50065B180 /* Frameworks */ = {
			isa = PBXFrameworksBuildPhase;
			buildActionMask = 2147483647;
			files = (
			);
			runOnlyForDeploymentPostprocessing = 0;
		};
/* End PBXFrameworksBuildPhase section */

/* Begin PBXGroup section */
		7216B7501B0E41C50065B180 = {
			isa = PBXGroup;
			children = (
				7216B75B1B0E41C50065B180 /* HotelBA */,
				7216B7751B0E41C50065B180 /* HotelBATests */,
				7216B75A1B0E41C50065B180 /* Products */,
				B2A0C1F446A29F69135A1BF1 /* Pods */,
				DB7B63EB872178B35D4891C0 /* Frameworks */,
			);
			sourceTree = "<group>";
		};
		7216B75A1B0E41C50065B180 /* Products */ = {
			isa = PBXGroup;
			children = (
				7216B7591B0E41C50065B180 /* HotelBA.app */,
				7216B7721B0E41C50065B180 /* HotelBATests.xctest */,
			);
			name = Products;
			sourceTree = "<group>";
		};
		7216B75B1B0E41C50065B180 /* HotelBA */ = {
			isa = PBXGroup;
			children = (
				7216B7601B0E41C50065B180 /* AppDelegate.h */,
				7216B7611B0E41C50065B180 /* AppDelegate.m */,
				7216B7661B0E41C50065B180 /* Main.storyboard */,
				7216B7691B0E41C50065B180 /* Images.xcassets */,
				7216B76B1B0E41C50065B180 /* LaunchScreen.xib */,
				7216B75C1B0E41C50065B180 /* Supporting Files */,
				EE266F5A61B68A1B9AF5E196 /* Sources */,
			);
			path = HotelBA;
			sourceTree = "<group>";
		};
		7216B75C1B0E41C50065B180 /* Supporting Files */ = {
			isa = PBXGroup;
			children = (
				7216B75D1B0E41C50065B180 /* Info.plist */,
				7216B75E1B0E41C50065B180 /* main.m */,
			);
			name = "Supporting Files";
			sourceTree = "<group>";
		};
		7216B7751B0E41C50065B180 /* HotelBATests */ = {
			isa = PBXGroup;
			children = (
				7216B7781B0E41C50065B180 /* HotelBATests.m */,
				7216B7761B0E41C50065B180 /* Supporting Files */,
			);
			path = HotelBATests;
			sourceTree = "<group>";
		};
		7216B7761B0E41C50065B180 /* Supporting Files */ = {
			isa = PBXGroup;
			children = (
				7216B7771B0E41C50065B180 /* Info.plist */,
			);
			name = "Supporting Files";
			sourceTree = "<group>";
		};
		B2A0C1F446A29F69135A1BF1 /* Pods */ = {
			isa = PBXGroup;
			children = (
				57E8810E092785E851A6CC3E /* Pods.debug.xcconfig */,
				D980AE08CB052A597CE12C7F /* Pods.release.xcconfig */,
			);
			name = Pods;
			sourceTree = "<group>";
		};
		DB7B63EB872178B35D4891C0 /* Frameworks */ = {
			isa = PBXGroup;
			children = (
				36BAF4F444EFB7194B86462A /* libPods.a */,
			);
			name = Frameworks;
			sourceTree = "<group>";
		};
		EE26607665189775E9C3913F /* Hotels */ = {
			isa = PBXGroup;
			children = (
				EE2668F545B900B9A2D126E9 /* HotelResponse.m */,
				EE266770CCEF9C522E9C4875 /* HotelResponse.h */,
			);
			path = Hotels;
			sourceTree = "<group>";
		};
		EE2660BF8996C0F8DF299FBA /* Cell */ = {
			isa = PBXGroup;
			children = (
				72236EE51B349E6C00190B24 /* HotelTableViewCell.h */,
				72236EE61B349E6C00190B24 /* HotelTableViewCell.m */,
			);
			path = Cell;
			sourceTree = "<group>";
		};
		EE2660D3F36A1869F060C513 /* BaseViewController */ = {
			isa = PBXGroup;
			children = (
				725A53CC1B208403008F3A7F /* BaseViewController.h */,
				725A53CD1B208403008F3A7F /* BaseViewController.m */,
			);
			path = BaseViewController;
			sourceTree = "<group>";
		};
		EE2660D4619237CD6CE64F46 /* MenuTableDataSource */ = {
			isa = PBXGroup;
			children = (
				EE26684DA35CD791390B96C9 /* MenuTableDataSource.m */,
				EE2667D2FE4CECCCB16E1A88 /* MenuTableDataSource.h */,
			);
			path = MenuTableDataSource;
			sourceTree = "<group>";
		};
		EE266134FD95611FE867C669 /* ProfileHeader */ = {
			isa = PBXGroup;
			children = (
				725D49B81B0E640C005D4AF9 /* ProfileHeader.h */,
				725D49B91B0E640C005D4AF9 /* ProfileHeader.m */,
				725D49BB1B0E641E005D4AF9 /* ProfileHeader.xib */,
			);
			path = ProfileHeader;
			sourceTree = "<group>";
		};
		EE26616FA1087BCEA27C3F33 /* AboutViewController */ = {
			isa = PBXGroup;
			children = (
				EE266E3CA4F85DD9AA99C83F /* AboutViewController.m */,
				EE2666B68312E2485808CE8D /* AboutViewController.h */,
			);
			path = AboutViewController;
			sourceTree = "<group>";
		};
		EE26622735D5B7024C46BC8A /* CenterViewController */ = {
			isa = PBXGroup;
			children = (
				725D49B51B0E4B1E005D4AF9 /* CenterViewController.h */,
				725D49B61B0E4B1E005D4AF9 /* CenterViewController.m */,
			);
			path = CenterViewController;
			sourceTree = "<group>";
		};
		EE266286AF3360F2D4FB1248 /* HotelDTO */ = {
			isa = PBXGroup;
			children = (
				EE26680584182967FE755104 /* HotelDTO.m */,
				EE266F29051107194DFC5C43 /* HotelDTO.h */,
			);
			path = HotelDTO;
			sourceTree = "<group>";
		};
		EE2662FF0216203E3DFC09B2 /* Registration */ = {
			isa = PBXGroup;
			children = (
				EE266AFD87F5570E364874D1 /* RegistrationRequest.m */,
				EE26665018FBC40A476A0AEF /* RegistrationRequest.h */,
			);
			path = Registration;
			sourceTree = "<group>";
		};
		EE26646F31362D1BC8A47361 /* RegistrationDTO */ = {
			isa = PBXGroup;
			children = (
				EE2661D0621E7BA33273605C /* RegistrationDTO.h */,
				EE26681EE95027FE283BD553 /* RegistrationDTO.m */,
			);
			path = RegistrationDTO;
			sourceTree = "<group>";
		};
		EE26647BFFC2135AAB6E6968 /* RootViewController */ = {
			isa = PBXGroup;
			children = (
				EE266C8E36B715DC85A7D181 /* ViewController.h */,
				EE266E231D686016B967FB13 /* ViewController.m */,
			);
			path = RootViewController;
			sourceTree = "<group>";
		};
		EE26648001D5AD78C7C08614 /* Login */ = {
			isa = PBXGroup;
			children = (
				EE266AC6E6803909E53ACF5D /* RemoteClient+Login.m */,
				EE266D3AB6C21D1A5E63AE92 /* RemoteClient+Login.h */,
			);
			path = Login;
			sourceTree = "<group>";
		};
		EE266504E110733803864939 /* RemoteClient */ = {
			isa = PBXGroup;
			children = (
				EE26634598D372D0A112D4E2 /* RemoteClient.m */,
				EE2664F0FE14B6AE4C100610 /* RemoteClient.h */,
				EE266D2E9F402EAE7EA5A7A3 /* RemoteClientDelegate.h */,
				EE2660AFF1B9C4A002224179 /* ErrorResponse.m */,
				EE266A8A2105D7FC90314B39 /* ErrorResponse.h */,
				EE26668A590282F18B26B584 /* DTO */,
				EE266D2BEF7D6AA205992396 /* Request */,
				EE266A58B25ECE7890A01D0D /* Categories */,
			);
			path = RemoteClient;
			sourceTree = "<group>";
		};
		EE266588519FDB04C777405F /* TrunkViewController */ = {
			isa = PBXGroup;
			children = (
				7202998C1B0F324700902B43 /* TrunkViewController.h */,
				7202998D1B0F324700902B43 /* TrunkViewController.m */,
			);
			path = TrunkViewController;
			sourceTree = "<group>";
		};
		EE2665CCEF4A383C9917EBCA /* LoginViewController */ = {
			isa = PBXGroup;
			children = (
				725A53C71B207CB6008F3A7F /* LoginViewController.h */,
				725A53C81B207CB6008F3A7F /* LoginViewController.m */,
				725A53C91B207CB6008F3A7F /* LoginViewController.xib */,
			);
			path = LoginViewController;
			sourceTree = "<group>";
		};
		EE26662F91C7A7CCE5B3450F /* Login */ = {
			isa = PBXGroup;
			children = (
				EE2663240A72541D9288BC19 /* LoginRequest.m */,
				EE266EFD41520940FF32E273 /* LoginRequest.h */,
			);
			path = Login;
			sourceTree = "<group>";
		};
		EE266683C899254B36963415 /* Registration */ = {
			isa = PBXGroup;
			children = (
				EE266064CB1253D652C10A7C /* RemoteClient+Registration.m */,
				EE266CABAC68840CAE1ECF28 /* RemoteClient+Registration.h */,
			);
			path = Registration;
			sourceTree = "<group>";
		};
		EE26668A590282F18B26B584 /* DTO */ = {
			isa = PBXGroup;
			children = (
				EE26646F31362D1BC8A47361 /* RegistrationDTO */,
				EE26685D6F1E6DBF41FA4581 /* AddressDTO */,
				EE266E6071BF6E2BBFBD7269 /* ContactDTO */,
				EE266286AF3360F2D4FB1248 /* HotelDTO */,
			);
			path = DTO;
			sourceTree = "<group>";
		};
		EE2666DB922EA04C763FC245 /* Common */ = {
			isa = PBXGroup;
			children = (
				EE266A4BC7460BCC5547C596 /* Categories */,
			);
			path = Common;
			sourceTree = "<group>";
		};
		EE26685D6F1E6DBF41FA4581 /* AddressDTO */ = {
			isa = PBXGroup;
			children = (
				EE266005D7863E267698414F /* AddressDTO.m */,
				EE266863B2CB08B5893D1AA9 /* AddressDTO.h */,
			);
			path = AddressDTO;
			sourceTree = "<group>";
		};
		EE26693B6818A50841E85B1D /* NavigationController */ = {
			isa = PBXGroup;
			children = (
				EE266CB837BF00F86AB2D9ED /* HotelNavigationController.h */,
				EE266470CF485B804E48879D /* HotelNavigationController.m */,
			);
			path = NavigationController;
			sourceTree = "<group>";
		};
		EE2669BAF63A942E391AF327 /* View */ = {
			isa = PBXGroup;
			children = (
				EE266F9F924F57171E36F53C /* Headers */,
				EE266AB42B6EA640DF791968 /* Cell */,
			);
			path = View;
			sourceTree = "<group>";
		};
		EE266A4BC7460BCC5547C596 /* Categories */ = {
			isa = PBXGroup;
			children = (
				EE266828C010766946F36C7A /* UIImage+Helper.m */,
				EE266BBE581A74FBAAF4435D /* UIImage+Helper.h */,
			);
			path = Categories;
			sourceTree = "<group>";
		};
		EE266A58B25ECE7890A01D0D /* Categories */ = {
			isa = PBXGroup;
			children = (
				EE26648001D5AD78C7C08614 /* Login */,
				EE266683C899254B36963415 /* Registration */,
				EE2666D66B3396367BD89CB9 /* RemoteClient+Hotels.m */,
				EE266C6A1C1B7D06B3023D6C /* RemoteClient+Hotels.h */,
			);
			path = Categories;
			sourceTree = "<group>";
		};
		EE266A787273791D7ABD8715 /* MenuTableDelegate */ = {
			isa = PBXGroup;
			children = (
				EE26600C0840B9CA0727617B /* MenuTableViewDelegate.m */,
				EE266601EEEC4762941CBDBB /* MenuTableViewDelegate.h */,
			);
			path = MenuTableDelegate;
			sourceTree = "<group>";
		};
		EE266AB42B6EA640DF791968 /* Cell */ = {
			isa = PBXGroup;
			children = (
				725D49BD1B0E76C6005D4AF9 /* MenuTableViewCell.h */,
				725D49BE1B0E76C6005D4AF9 /* MenuTableViewCell.m */,
				725D49BF1B0E76C6005D4AF9 /* MenuTableViewCell.xib */,
			);
			path = Cell;
			sourceTree = "<group>";
		};
		EE266C454EFF60422E9369DC /* Hotels */ = {
			isa = PBXGroup;
			children = (
				72236EE21B349E3100190B24 /* HotelsListTableTableViewController.h */,
				72236EE31B349E3100190B24 /* HotelsListTableTableViewController.m */,
				EE2660BF8996C0F8DF299FBA /* Cell */,
			);
			path = Hotels;
			sourceTree = "<group>";
		};
		EE266CA33D3BA82E6042A9FE /* Model */ = {
			isa = PBXGroup;
			children = (
				EE2669E05589ACACE584D2B3 /* MenuOptionModel.m */,
				EE2660692EA5937EAB37011A /* MenuOptionModel.h */,
			);
			path = Model;
			sourceTree = "<group>";
		};
		EE266D2BEF7D6AA205992396 /* Request */ = {
			isa = PBXGroup;
			children = (
				EE2662FF0216203E3DFC09B2 /* Registration */,
				EE26662F91C7A7CCE5B3450F /* Login */,
				EE26607665189775E9C3913F /* Hotels */,
			);
			path = Request;
			sourceTree = "<group>";
		};
		EE266DEEF8459219BD1A03A5 /* MenuTableViewController */ = {
			isa = PBXGroup;
			children = (
				725D49B21B0E48CF005D4AF9 /* MenuTableViewController.h */,
				725D49B31B0E48CF005D4AF9 /* MenuTableViewController.m */,
				EE2669BAF63A942E391AF327 /* View */,
				EE2660D4619237CD6CE64F46 /* MenuTableDataSource */,
				EE266CA33D3BA82E6042A9FE /* Model */,
				EE266A787273791D7ABD8715 /* MenuTableDelegate */,
			);
			path = MenuTableViewController;
			sourceTree = "<group>";
		};
		EE266E6071BF6E2BBFBD7269 /* ContactDTO */ = {
			isa = PBXGroup;
			children = (
				EE266903FF7B8D8FEE32BBE3 /* ContactDTO.m */,
				EE26676680820AD6A44CB1F3 /* ContactDTO.h */,
			);
			path = ContactDTO;
			sourceTree = "<group>";
		};
		EE266EBF4248A579D627730A /* Register */ = {
			isa = PBXGroup;
			children = (
				EE2660226347245639B434F8 /* RegisterViewController.xib */,
				EE2665A5FDA4B2299F017A8E /* RegisterViewController.h */,
				EE266AE72EAC4D37BE310576 /* RegisterViewController.m */,
			);
			path = Register;
			sourceTree = "<group>";
		};
		EE266F5A61B68A1B9AF5E196 /* Sources */ = {
			isa = PBXGroup;
			children = (
				EE26647BFFC2135AAB6E6968 /* RootViewController */,
				EE266DEEF8459219BD1A03A5 /* MenuTableViewController */,
				EE26622735D5B7024C46BC8A /* CenterViewController */,
				EE2666DB922EA04C763FC245 /* Common */,
				EE266588519FDB04C777405F /* TrunkViewController */,
				EE26693B6818A50841E85B1D /* NavigationController */,
				EE266EBF4248A579D627730A /* Register */,
				EE2665CCEF4A383C9917EBCA /* LoginViewController */,
				EE2660D3F36A1869F060C513 /* BaseViewController */,
				EE26616FA1087BCEA27C3F33 /* AboutViewController */,
				EE266504E110733803864939 /* RemoteClient */,
				EE266C454EFF60422E9369DC /* Hotels */,
			);
			path = Sources;
			sourceTree = "<group>";
		};
		EE266F9F924F57171E36F53C /* Headers */ = {
			isa = PBXGroup;
			children = (
				EE266134FD95611FE867C669 /* ProfileHeader */,
			);
			path = Headers;
			sourceTree = "<group>";
		};
/* End PBXGroup section */

/* Begin PBXNativeTarget section */
		7216B7581B0E41C50065B180 /* HotelBA */ = {
			isa = PBXNativeTarget;
			buildConfigurationList = 7216B77C1B0E41C50065B180 /* Build configuration list for PBXNativeTarget "HotelBA" */;
			buildPhases = (
				75124A811E5CEBC74E4FE096 /* Check Pods Manifest.lock */,
				7216B7551B0E41C50065B180 /* Sources */,
				7216B7561B0E41C50065B180 /* Frameworks */,
				7216B7571B0E41C50065B180 /* Resources */,
				449EEE20D6A6BF57CD82B285 /* Copy Pods Resources */,
			);
			buildRules = (
			);
			dependencies = (
			);
			name = HotelBA;
			productName = HotelBA;
			productReference = 7216B7591B0E41C50065B180 /* HotelBA.app */;
			productType = "com.apple.product-type.application";
		};
		7216B7711B0E41C50065B180 /* HotelBATests */ = {
			isa = PBXNativeTarget;
			buildConfigurationList = 7216B77F1B0E41C50065B180 /* Build configuration list for PBXNativeTarget "HotelBATests" */;
			buildPhases = (
				7216B76E1B0E41C50065B180 /* Sources */,
				7216B76F1B0E41C50065B180 /* Frameworks */,
				7216B7701B0E41C50065B180 /* Resources */,
			);
			buildRules = (
			);
			dependencies = (
				7216B7741B0E41C50065B180 /* PBXTargetDependency */,
			);
			name = HotelBATests;
			productName = HotelBATests;
			productReference = 7216B7721B0E41C50065B180 /* HotelBATests.xctest */;
			productType = "com.apple.product-type.bundle.unit-test";
		};
/* End PBXNativeTarget section */

/* Begin PBXProject section */
		7216B7511B0E41C50065B180 /* Project object */ = {
			isa = PBXProject;
			attributes = {
				LastUpgradeCheck = 0610;
				ORGANIZATIONNAME = AgnieszkaSzczurek;
				TargetAttributes = {
					7216B7581B0E41C50065B180 = {
						CreatedOnToolsVersion = 6.1;
					};
					7216B7711B0E41C50065B180 = {
						CreatedOnToolsVersion = 6.1;
						TestTargetID = 7216B7581B0E41C50065B180;
					};
				};
			};
			buildConfigurationList = 7216B7541B0E41C50065B180 /* Build configuration list for PBXProject "HotelBA" */;
			compatibilityVersion = "Xcode 3.2";
			developmentRegion = English;
			hasScannedForEncodings = 0;
			knownRegions = (
				en,
				Base,
			);
			mainGroup = 7216B7501B0E41C50065B180;
			productRefGroup = 7216B75A1B0E41C50065B180 /* Products */;
			projectDirPath = "";
			projectRoot = "";
			targets = (
				7216B7581B0E41C50065B180 /* HotelBA */,
				7216B7711B0E41C50065B180 /* HotelBATests */,
			);
		};
/* End PBXProject section */

/* Begin PBXResourcesBuildPhase section */
		7216B7571B0E41C50065B180 /* Resources */ = {
			isa = PBXResourcesBuildPhase;
			buildActionMask = 2147483647;
			files = (
				725D49BC1B0E641E005D4AF9 /* ProfileHeader.xib in Resources */,
				7216B7681B0E41C50065B180 /* Main.storyboard in Resources */,
				7216B76D1B0E41C50065B180 /* LaunchScreen.xib in Resources */,
				725D49C11B0E76C6005D4AF9 /* MenuTableViewCell.xib in Resources */,
				7216B76A1B0E41C50065B180 /* Images.xcassets in Resources */,
				725A53CB1B207CB6008F3A7F /* LoginViewController.xib in Resources */,
				EE2669E02778B8EF3C41D830 /* RegisterViewController.xib in Resources */,
			);
			runOnlyForDeploymentPostprocessing = 0;
		};
		7216B7701B0E41C50065B180 /* Resources */ = {
			isa = PBXResourcesBuildPhase;
			buildActionMask = 2147483647;
			files = (
			);
			runOnlyForDeploymentPostprocessing = 0;
		};
/* End PBXResourcesBuildPhase section */

/* Begin PBXShellScriptBuildPhase section */
		449EEE20D6A6BF57CD82B285 /* Copy Pods Resources */ = {
			isa = PBXShellScriptBuildPhase;
			buildActionMask = 2147483647;
			files = (
			);
			inputPaths = (
			);
			name = "Copy Pods Resources";
			outputPaths = (
			);
			runOnlyForDeploymentPostprocessing = 0;
			shellPath = /bin/sh;
			shellScript = "\"${SRCROOT}/Pods/Target Support Files/Pods/Pods-resources.sh\"\n";
			showEnvVarsInLog = 0;
		};
		75124A811E5CEBC74E4FE096 /* Check Pods Manifest.lock */ = {
			isa = PBXShellScriptBuildPhase;
			buildActionMask = 2147483647;
			files = (
			);
			inputPaths = (
			);
			name = "Check Pods Manifest.lock";
			outputPaths = (
			);
			runOnlyForDeploymentPostprocessing = 0;
			shellPath = /bin/sh;
			shellScript = "diff \"${PODS_ROOT}/../Podfile.lock\" \"${PODS_ROOT}/Manifest.lock\" > /dev/null\nif [[ $? != 0 ]] ; then\n    cat << EOM\nerror: The sandbox is not in sync with the Podfile.lock. Run 'pod install' or update your CocoaPods installation.\nEOM\n    exit 1\nfi\n";
			showEnvVarsInLog = 0;
		};
/* End PBXShellScriptBuildPhase section */

/* Begin PBXSourcesBuildPhase section */
		7216B7551B0E41C50065B180 /* Sources */ = {
			isa = PBXSourcesBuildPhase;
			buildActionMask = 2147483647;
			files = (
				725D49B41B0E48CF005D4AF9 /* MenuTableViewController.m in Sources */,
				7216B7621B0E41C50065B180 /* AppDelegate.m in Sources */,
				725D49C01B0E76C6005D4AF9 /* MenuTableViewCell.m in Sources */,
				7202998E1B0F324700902B43 /* TrunkViewController.m in Sources */,
				7216B75F1B0E41C50065B180 /* main.m in Sources */,
				EE26693960916813EF83FE5A /* ViewController.m in Sources */,
				72236EE71B349E6C00190B24 /* HotelTableViewCell.m in Sources */,
				725D49B71B0E4B1E005D4AF9 /* CenterViewController.m in Sources */,
				725D49BA1B0E640C005D4AF9 /* ProfileHeader.m in Sources */,
				EE266E1F5686AC408B46CA94 /* UIImage+Helper.m in Sources */,
				725A53CE1B208403008F3A7F /* BaseViewController.m in Sources */,
				EE266FAB174B7FBF05307FDA /* MenuTableDataSource.m in Sources */,
				EE2664BF532601940B456E25 /* MenuOptionModel.m in Sources */,
				EE26618792B5E733E050ADBB /* MenuTableViewDelegate.m in Sources */,
				EE26623887872FC6CE807C34 /* HotelNavigationController.m in Sources */,
				EE2661E6EAF395BE41A30ACE /* RegisterViewController.m in Sources */,
				725A53CA1B207CB6008F3A7F /* LoginViewController.m in Sources */,
				EE266632684610079C561D6D /* AboutViewController.m in Sources */,
				EE266E5B20796B269FFCFD14 /* RemoteClient.m in Sources */,
				EE2664F10FDD5A016DA1B891 /* ErrorResponse.m in Sources */,
				EE2666188E7570B75D1F6201 /* RegistrationDTO.m in Sources */,
				EE2661545348C58C99D0963D /* AddressDTO.m in Sources */,
				EE266056D1A3A322FE7BAF87 /* ContactDTO.m in Sources */,
				EE266A8CF9B0E7C4DC159623 /* RegistrationRequest.m in Sources */,
				EE2665A875367002476A3C42 /* RemoteClient+Registration.m in Sources */,
				EE2665EE94B4FED057E651E0 /* RemoteClient+Login.m in Sources */,
				EE266610B7A487357ADA32A9 /* LoginRequest.m in Sources */,
				72236EE41B349E3100190B24 /* HotelsListTableTableViewController.m in Sources */,
				EE2668E796A4796BBFB0BEF3 /* HotelDTO.m in Sources */,
				EE2666044F51898979087863 /* HotelResponse.m in Sources */,
				EE266C39D2C8682392BFF945 /* RemoteClient+Hotels.m in Sources */,
			);
			runOnlyForDeploymentPostprocessing = 0;
		};
		7216B76E1B0E41C50065B180 /* Sources */ = {
			isa = PBXSourcesBuildPhase;
			buildActionMask = 2147483647;
			files = (
				7216B7791B0E41C50065B180 /* HotelBATests.m in Sources */,
			);
			runOnlyForDeploymentPostprocessing = 0;
		};
/* End PBXSourcesBuildPhase section */

/* Begin PBXTargetDependency section */
		7216B7741B0E41C50065B180 /* PBXTargetDependency */ = {
			isa = PBXTargetDependency;
			target = 7216B7581B0E41C50065B180 /* HotelBA */;
			targetProxy = 7216B7731B0E41C50065B180 /* PBXContainerItemProxy */;
		};
/* End PBXTargetDependency section */

/* Begin PBXVariantGroup section */
		7216B7661B0E41C50065B180 /* Main.storyboard */ = {
			isa = PBXVariantGroup;
			children = (
				7216B7671B0E41C50065B180 /* Base */,
			);
			name = Main.storyboard;
			sourceTree = "<group>";
		};
		7216B76B1B0E41C50065B180 /* LaunchScreen.xib */ = {
			isa = PBXVariantGroup;
			children = (
				7216B76C1B0E41C50065B180 /* Base */,
			);
			name = LaunchScreen.xib;
			sourceTree = "<group>";
		};
/* End PBXVariantGroup section */

/* Begin XCBuildConfiguration section */
		7216B77A1B0E41C50065B180 /* Debug */ = {
			isa = XCBuildConfiguration;
			buildSettings = {
				ALWAYS_SEARCH_USER_PATHS = NO;
				CLANG_CXX_LANGUAGE_STANDARD = "gnu++0x";
				CLANG_CXX_LIBRARY = "libc++";
				CLANG_ENABLE_MODULES = YES;
				CLANG_ENABLE_OBJC_ARC = YES;
				CLANG_WARN_BOOL_CONVERSION = YES;
				CLANG_WARN_CONSTANT_CONVERSION = YES;
				CLANG_WARN_DIRECT_OBJC_ISA_USAGE = YES_ERROR;
				CLANG_WARN_EMPTY_BODY = YES;
				CLANG_WARN_ENUM_CONVERSION = YES;
				CLANG_WARN_INT_CONVERSION = YES;
				CLANG_WARN_OBJC_ROOT_CLASS = YES_ERROR;
				CLANG_WARN_UNREACHABLE_CODE = YES;
				CLANG_WARN__DUPLICATE_METHOD_MATCH = YES;
				"CODE_SIGN_IDENTITY[sdk=iphoneos*]" = "iPhone Developer";
				COPY_PHASE_STRIP = NO;
				ENABLE_STRICT_OBJC_MSGSEND = YES;
				GCC_C_LANGUAGE_STANDARD = gnu99;
				GCC_DYNAMIC_NO_PIC = NO;
				GCC_OPTIMIZATION_LEVEL = 0;
				GCC_PREPROCESSOR_DEFINITIONS = (
					"DEBUG=1",
					"$(inherited)",
				);
				GCC_SYMBOLS_PRIVATE_EXTERN = NO;
				GCC_WARN_64_TO_32_BIT_CONVERSION = YES;
				GCC_WARN_ABOUT_RETURN_TYPE = YES_ERROR;
				GCC_WARN_UNDECLARED_SELECTOR = YES;
				GCC_WARN_UNINITIALIZED_AUTOS = YES_AGGRESSIVE;
				GCC_WARN_UNUSED_FUNCTION = YES;
				GCC_WARN_UNUSED_VARIABLE = YES;
				IPHONEOS_DEPLOYMENT_TARGET = 8.1;
				MTL_ENABLE_DEBUG_INFO = YES;
				ONLY_ACTIVE_ARCH = YES;
				SDKROOT = iphoneos;
			};
			name = Debug;
		};
		7216B77B1B0E41C50065B180 /* Release */ = {
			isa = XCBuildConfiguration;
			buildSettings = {
				ALWAYS_SEARCH_USER_PATHS = NO;
				CLANG_CXX_LANGUAGE_STANDARD = "gnu++0x";
				CLANG_CXX_LIBRARY = "libc++";
				CLANG_ENABLE_MODULES = YES;
				CLANG_ENABLE_OBJC_ARC = YES;
				CLANG_WARN_BOOL_CONVERSION = YES;
				CLANG_WARN_CONSTANT_CONVERSION = YES;
				CLANG_WARN_DIRECT_OBJC_ISA_USAGE = YES_ERROR;
				CLANG_WARN_EMPTY_BODY = YES;
				CLANG_WARN_ENUM_CONVERSION = YES;
				CLANG_WARN_INT_CONVERSION = YES;
				CLANG_WARN_OBJC_ROOT_CLASS = YES_ERROR;
				CLANG_WARN_UNREACHABLE_CODE = YES;
				CLANG_WARN__DUPLICATE_METHOD_MATCH = YES;
				"CODE_SIGN_IDENTITY[sdk=iphoneos*]" = "iPhone Developer";
				COPY_PHASE_STRIP = YES;
				ENABLE_NS_ASSERTIONS = NO;
				ENABLE_STRICT_OBJC_MSGSEND = YES;
				GCC_C_LANGUAGE_STANDARD = gnu99;
				GCC_WARN_64_TO_32_BIT_CONVERSION = YES;
				GCC_WARN_ABOUT_RETURN_TYPE = YES_ERROR;
				GCC_WARN_UNDECLARED_SELECTOR = YES;
				GCC_WARN_UNINITIALIZED_AUTOS = YES_AGGRESSIVE;
				GCC_WARN_UNUSED_FUNCTION = YES;
				GCC_WARN_UNUSED_VARIABLE = YES;
				IPHONEOS_DEPLOYMENT_TARGET = 8.1;
				MTL_ENABLE_DEBUG_INFO = NO;
				SDKROOT = iphoneos;
				VALIDATE_PRODUCT = YES;
			};
			name = Release;
		};
		7216B77D1B0E41C50065B180 /* Debug */ = {
			isa = XCBuildConfiguration;
			baseConfigurationReference = 57E8810E092785E851A6CC3E /* Pods.debug.xcconfig */;
			buildSettings = {
				ASSETCATALOG_COMPILER_APPICON_NAME = AppIcon;
				INFOPLIST_FILE = HotelBA/Info.plist;
				LD_RUNPATH_SEARCH_PATHS = "$(inherited) @executable_path/Frameworks";
				PRODUCT_NAME = "$(TARGET_NAME)";
				USER_HEADER_SEARCH_PATHS = "\"${PROJECT_DIR}/Pods\"/**";
			};
			name = Debug;
		};
		7216B77E1B0E41C50065B180 /* Release */ = {
			isa = XCBuildConfiguration;
			baseConfigurationReference = D980AE08CB052A597CE12C7F /* Pods.release.xcconfig */;
			buildSettings = {
				ASSETCATALOG_COMPILER_APPICON_NAME = AppIcon;
				INFOPLIST_FILE = HotelBA/Info.plist;
				LD_RUNPATH_SEARCH_PATHS = "$(inherited) @executable_path/Frameworks";
				PRODUCT_NAME = "$(TARGET_NAME)";
				USER_HEADER_SEARCH_PATHS = "\"${PROJECT_DIR}/Pods\"/**";
			};
			name = Release;
		};
		7216B7801B0E41C50065B180 /* Debug */ = {
			isa = XCBuildConfiguration;
			buildSettings = {
				BUNDLE_LOADER = "$(TEST_HOST)";
				FRAMEWORK_SEARCH_PATHS = (
					"$(SDKROOT)/Developer/Library/Frameworks",
					"$(inherited)",
				);
				GCC_PREPROCESSOR_DEFINITIONS = (
					"DEBUG=1",
					"$(inherited)",
				);
				INFOPLIST_FILE = HotelBATests/Info.plist;
				LD_RUNPATH_SEARCH_PATHS = "$(inherited) @executable_path/Frameworks @loader_path/Frameworks";
				PRODUCT_NAME = "$(TARGET_NAME)";
				TEST_HOST = "$(BUILT_PRODUCTS_DIR)/HotelBA.app/HotelBA";
			};
			name = Debug;
		};
		7216B7811B0E41C50065B180 /* Release */ = {
			isa = XCBuildConfiguration;
			buildSettings = {
				BUNDLE_LOADER = "$(TEST_HOST)";
				FRAMEWORK_SEARCH_PATHS = (
					"$(SDKROOT)/Developer/Library/Frameworks",
					"$(inherited)",
				);
				INFOPLIST_FILE = HotelBATests/Info.plist;
				LD_RUNPATH_SEARCH_PATHS = "$(inherited) @executable_path/Frameworks @loader_path/Frameworks";
				PRODUCT_NAME = "$(TARGET_NAME)";
				TEST_HOST = "$(BUILT_PRODUCTS_DIR)/HotelBA.app/HotelBA";
			};
			name = Release;
		};
/* End XCBuildConfiguration section */

/* Begin XCConfigurationList section */
		7216B7541B0E41C50065B180 /* Build configuration list for PBXProject "HotelBA" */ = {
			isa = XCConfigurationList;
			buildConfigurations = (
				7216B77A1B0E41C50065B180 /* Debug */,
				7216B77B1B0E41C50065B180 /* Release */,
			);
			defaultConfigurationIsVisible = 0;
			defaultConfigurationName = Release;
		};
		7216B77C1B0E41C50065B180 /* Build configuration list for PBXNativeTarget "HotelBA" */ = {
			isa = XCConfigurationList;
			buildConfigurations = (
				7216B77D1B0E41C50065B180 /* Debug */,
				7216B77E1B0E41C50065B180 /* Release */,
			);
			defaultConfigurationIsVisible = 0;
			defaultConfigurationName = Release;
		};
		7216B77F1B0E41C50065B180 /* Build configuration list for PBXNativeTarget "HotelBATests" */ = {
			isa = XCConfigurationList;
			buildConfigurations = (
				7216B7801B0E41C50065B180 /* Debug */,
				7216B7811B0E41C50065B180 /* Release */,
			);
			defaultConfigurationIsVisible = 0;
			defaultConfigurationName = Release;
		};
/* End XCConfigurationList section */
	};
	rootObject = 7216B7511B0E41C50065B180 /* Project object */;
}
